// !$*UTF8*$!
{
	archiveVersion = 1;
	classes = {
	};
	objectVersion = 77;
	objects = {

/* Begin PBXContainerItemProxy section */
		9586557E2E10E85E00FF8293 /* PBXContainerItemProxy */ = {
			isa = PBXContainerItemProxy;
			containerPortal = 958655632E10E85C00FF8293 /* Project object */;
			proxyType = 1;
			remoteGlobalIDString = 9586556A2E10E85C00FF8293;
			remoteInfo = MindstixiOSCloudTest;
		};
		958655882E10E85E00FF8293 /* PBXContainerItemProxy */ = {
			isa = PBXContainerItemProxy;
			containerPortal = 958655632E10E85C00FF8293 /* Project object */;
			proxyType = 1;
			remoteGlobalIDString = 9586556A2E10E85C00FF8293;
			remoteInfo = MindstixiOSCloudTest;
		};
/* End PBXContainerItemProxy section */

/* Begin PBXFileReference section */
		9586556B2E10E85C00FF8293 /* MindstixiOSCloudTest.app */ = {isa = PBXFileReference; explicitFileType = wrapper.application; includeInIndex = 0; path = MindstixiOSCloudTest.app; sourceTree = BUILT_PRODUCTS_DIR; };
		9586557D2E10E85E00FF8293 /* MindstixiOSCloudTestTests.xctest */ = {isa = PBXFileReference; explicitFileType = wrapper.cfbundle; includeInIndex = 0; path = MindstixiOSCloudTestTests.xctest; sourceTree = BUILT_PRODUCTS_DIR; };
		958655872E10E85E00FF8293 /* MindstixiOSCloudTestUITests.xctest */ = {isa = PBXFileReference; explicitFileType = wrapper.cfbundle; includeInIndex = 0; path = MindstixiOSCloudTestUITests.xctest; sourceTree = BUILT_PRODUCTS_DIR; };
/* End PBXFileReference section */

/* Begin PBXFileSystemSynchronizedRootGroup section */
		9586556D2E10E85C00FF8293 /* MindstixiOSCloudTest */ = {
			isa = PBXFileSystemSynchronizedRootGroup;
			path = MindstixiOSCloudTest;
			sourceTree = "<group>";
		};
		958655802E10E85E00FF8293 /* MindstixiOSCloudTestTests */ = {
			isa = PBXFileSystemSynchronizedRootGroup;
			path = MindstixiOSCloudTestTests;
			sourceTree = "<group>";
		};
		9586558A2E10E85E00FF8293 /* MindstixiOSCloudTestUITests */ = {
			isa = PBXFileSystemSynchronizedRootGroup;
			path = MindstixiOSCloudTestUITests;
			sourceTree = "<group>";
		};
/* End PBXFileSystemSynchronizedRootGroup section */

/* Begin PBXFrameworksBuildPhase section */
		958655682E10E85C00FF8293 /* Frameworks */ = {
			isa = PBXFrameworksBuildPhase;
			buildActionMask = 2147483647;
			files = (
			);
			runOnlyForDeploymentPostprocessing = 0;
		};
		9586557A2E10E85E00FF8293 /* Frameworks */ = {
			isa = PBXFrameworksBuildPhase;
			buildActionMask = 2147483647;
			files = (
			);
			runOnlyForDeploymentPostprocessing = 0;
		};
		958655842E10E85E00FF8293 /* Frameworks */ = {
			isa = PBXFrameworksBuildPhase;
			buildActionMask = 2147483647;
			files = (
			);
			runOnlyForDeploymentPostprocessing = 0;
		};
/* End PBXFrameworksBuildPhase section */

/* Begin PBXGroup section */
		958655622E10E85C00FF8293 = {
			isa = PBXGroup;
			children = (
				9586556D2E10E85C00FF8293 /* MindstixiOSCloudTest */,
				958655802E10E85E00FF8293 /* MindstixiOSCloudTestTests */,
				9586558A2E10E85E00FF8293 /* MindstixiOSCloudTestUITests */,
				9586556C2E10E85C00FF8293 /* Products */,
			);
			sourceTree = "<group>";
		};
		9586556C2E10E85C00FF8293 /* Products */ = {
			isa = PBXGroup;
			children = (
				9586556B2E10E85C00FF8293 /* MindstixiOSCloudTest.app */,
				9586557D2E10E85E00FF8293 /* MindstixiOSCloudTestTests.xctest */,
				958655872E10E85E00FF8293 /* MindstixiOSCloudTestUITests.xctest */,
			);
			name = Products;
			sourceTree = "<group>";
		};
/* End PBXGroup section */

/* Begin PBXNativeTarget section */
		9586556A2E10E85C00FF8293 /* MindstixiOSCloudTest */ = {
			isa = PBXNativeTarget;
			buildConfigurationList = 958655912E10E85E00FF8293 /* Build configuration list for PBXNativeTarget "MindstixiOSCloudTest" */;
			buildPhases = (
				958655672E10E85C00FF8293 /* Sources */,
				958655682E10E85C00FF8293 /* Frameworks */,
				958655692E10E85C00FF8293 /* Resources */,
			);
			buildRules = (
			);
			dependencies = (
			);
			fileSystemSynchronizedGroups = (
				9586556D2E10E85C00FF8293 /* MindstixiOSCloudTest */,
			);
			name = MindstixiOSCloudTest;
			packageProductDependencies = (
			);
			productName = MindstixiOSCloudTest;
			productReference = 9586556B2E10E85C00FF8293 /* MindstixiOSCloudTest.app */;
			productType = "com.apple.product-type.application";
		};
		9586557C2E10E85E00FF8293 /* MindstixiOSCloudTestTests */ = {
			isa = PBXNativeTarget;
			buildConfigurationList = 958655942E10E85E00FF8293 /* Build configuration list for PBXNativeTarget "MindstixiOSCloudTestTests" */;
			buildPhases = (
				958655792E10E85E00FF8293 /* Sources */,
				9586557A2E10E85E00FF8293 /* Frameworks */,
				9586557B2E10E85E00FF8293 /* Resources */,
			);
			buildRules = (
			);
			dependencies = (
				9586557F2E10E85E00FF8293 /* PBXTargetDependency */,
			);
			fileSystemSynchronizedGroups = (
				958655802E10E85E00FF8293 /* MindstixiOSCloudTestTests */,
			);
			name = MindstixiOSCloudTestTests;
			packageProductDependencies = (
			);
			productName = MindstixiOSCloudTestTests;
			productReference = 9586557D2E10E85E00FF8293 /* MindstixiOSCloudTestTests.xctest */;
			productType = "com.apple.product-type.bundle.unit-test";
		};
		958655862E10E85E00FF8293 /* MindstixiOSCloudTestUITests */ = {
			isa = PBXNativeTarget;
			buildConfigurationList = 958655972E10E85E00FF8293 /* Build configuration list for PBXNativeTarget "MindstixiOSCloudTestUITests" */;
			buildPhases = (
				958655832E10E85E00FF8293 /* Sources */,
				958655842E10E85E00FF8293 /* Frameworks */,
				958655852E10E85E00FF8293 /* Resources */,
			);
			buildRules = (
			);
			dependencies = (
				958655892E10E85E00FF8293 /* PBXTargetDependency */,
			);
			fileSystemSynchronizedGroups = (
				9586558A2E10E85E00FF8293 /* MindstixiOSCloudTestUITests */,
			);
			name = MindstixiOSCloudTestUITests;
			packageProductDependencies = (
			);
			productName = MindstixiOSCloudTestUITests;
			productReference = 958655872E10E85E00FF8293 /* MindstixiOSCloudTestUITests.xctest */;
			productType = "com.apple.product-type.bundle.ui-testing";
		};
/* End PBXNativeTarget section */

/* Begin PBXProject section */
		958655632E10E85C00FF8293 /* Project object */ = {
			isa = PBXProject;
			attributes = {
				BuildIndependentTargetsInParallel = 1;
				LastSwiftUpdateCheck = 1630;
				LastUpgradeCheck = 1630;
				TargetAttributes = {
					9586556A2E10E85C00FF8293 = {
						CreatedOnToolsVersion = 16.3;
					};
					9586557C2E10E85E00FF8293 = {
						CreatedOnToolsVersion = 16.3;
						TestTargetID = 9586556A2E10E85C00FF8293;
					};
					958655862E10E85E00FF8293 = {
						CreatedOnToolsVersion = 16.3;
						TestTargetID = 9586556A2E10E85C00FF8293;
					};
				};
			};
			buildConfigurationList = 958655662E10E85C00FF8293 /* Build configuration list for PBXProject "MindstixiOSCloudTest" */;
			developmentRegion = en;
			hasScannedForEncodings = 0;
			knownRegions = (
				en,
				Base,
			);
			mainGroup = 958655622E10E85C00FF8293;
			minimizedProjectReferenceProxies = 1;
			preferredProjectObjectVersion = 77;
			productRefGroup = 9586556C2E10E85C00FF8293 /* Products */;
			projectDirPath = "";
			projectRoot = "";
			targets = (
				9586556A2E10E85C00FF8293 /* MindstixiOSCloudTest */,
				9586557C2E10E85E00FF8293 /* MindstixiOSCloudTestTests */,
				958655862E10E85E00FF8293 /* MindstixiOSCloudTestUITests */,
			);
		};
/* End PBXProject section */

/* Begin PBXResourcesBuildPhase section */
		958655692E10E85C00FF8293 /* Resources */ = {
			isa = PBXResourcesBuildPhase;
			buildActionMask = 2147483647;
			files = (
			);
			runOnlyForDeploymentPostprocessing = 0;
		};
		9586557B2E10E85E00FF8293 /* Resources */ = {
			isa = PBXResourcesBuildPhase;
			buildActionMask = 2147483647;
			files = (
			);
			runOnlyForDeploymentPostprocessing = 0;
		};
		958655852E10E85E00FF8293 /* Resources */ = {
			isa = PBXResourcesBuildPhase;
			buildActionMask = 2147483647;
			files = (
			);
			runOnlyForDeploymentPostprocessing = 0;
		};
/* End PBXResourcesBuildPhase section */

/* Begin PBXSourcesBuildPhase section */
		958655672E10E85C00FF8293 /* Sources */ = {
			isa = PBXSourcesBuildPhase;
			buildActionMask = 2147483647;
			files = (
			);
			runOnlyForDeploymentPostprocessing = 0;
		};
		958655792E10E85E00FF8293 /* Sources */ = {
			isa = PBXSourcesBuildPhase;
			buildActionMask = 2147483647;
			files = (
			);
			runOnlyForDeploymentPostprocessing = 0;
		};
		958655832E10E85E00FF8293 /* Sources */ = {
			isa = PBXSourcesBuildPhase;
			buildActionMask = 2147483647;
			files = (
			);
			runOnlyForDeploymentPostprocessing = 0;
		};
/* End PBXSourcesBuildPhase section */

/* Begin PBXTargetDependency section */
		9586557F2E10E85E00FF8293 /* PBXTargetDependency */ = {
			isa = PBXTargetDependency;
			target = 9586556A2E10E85C00FF8293 /* MindstixiOSCloudTest */;
			targetProxy = 9586557E2E10E85E00FF8293 /* PBXContainerItemProxy */;
		};
		958655892E10E85E00FF8293 /* PBXTargetDependency */ = {
			isa = PBXTargetDependency;
			target = 9586556A2E10E85C00FF8293 /* MindstixiOSCloudTest */;
			targetProxy = 958655882E10E85E00FF8293 /* PBXContainerItemProxy */;
		};
/* End PBXTargetDependency section */

/* Begin XCBuildConfiguration section */
		9586558F2E10E85E00FF8293 /* Debug */ = {
			isa = XCBuildConfiguration;
			buildSettings = {
				ALWAYS_SEARCH_USER_PATHS = NO;
				ASSETCATALOG_COMPILER_GENERATE_SWIFT_ASSET_SYMBOL_EXTENSIONS = YES;
				CLANG_ANALYZER_NONNULL = YES;
				CLANG_ANALYZER_NUMBER_OBJECT_CONVERSION = YES_AGGRESSIVE;
				CLANG_CXX_LANGUAGE_STANDARD = "gnu++20";
				CLANG_ENABLE_MODULES = YES;
				CLANG_ENABLE_OBJC_ARC = YES;
				CLANG_ENABLE_OBJC_WEAK = YES;
				CLANG_WARN_BLOCK_CAPTURE_AUTORELEASING = YES;
				CLANG_WARN_BOOL_CONVERSION = YES;
				CLANG_WARN_COMMA = YES;
				CLANG_WARN_CONSTANT_CONVERSION = YES;
				CLANG_WARN_DEPRECATED_OBJC_IMPLEMENTATIONS = YES;
				CLANG_WARN_DIRECT_OBJC_ISA_USAGE = YES_ERROR;
				CLANG_WARN_DOCUMENTATION_COMMENTS = YES;
				CLANG_WARN_EMPTY_BODY = YES;
				CLANG_WARN_ENUM_CONVERSION = YES;
				CLANG_WARN_INFINITE_RECURSION = YES;
				CLANG_WARN_INT_CONVERSION = YES;
				CLANG_WARN_NON_LITERAL_NULL_CONVERSION = YES;
				CLANG_WARN_OBJC_IMPLICIT_RETAIN_SELF = YES;
				CLANG_WARN_OBJC_LITERAL_CONVERSION = YES;
				CLANG_WARN_OBJC_ROOT_CLASS = YES_ERROR;
				CLANG_WARN_QUOTED_INCLUDE_IN_FRAMEWORK_HEADER = YES;
				CLANG_WARN_RANGE_LOOP_ANALYSIS = YES;
				CLANG_WARN_STRICT_PROTOTYPES = YES;
				CLANG_WARN_SUSPICIOUS_MOVE = YES;
				CLANG_WARN_UNGUARDED_AVAILABILITY = YES_AGGRESSIVE;
				CLANG_WARN_UNREACHABLE_CODE = YES;
				CLANG_WARN__DUPLICATE_METHOD_MATCH = YES;
				COPY_PHASE_STRIP = NO;
				DEBUG_INFORMATION_FORMAT = dwarf;
				DEVELOPMENT_TEAM = M88382SDJS;
				ENABLE_STRICT_OBJC_MSGSEND = YES;
				ENABLE_TESTABILITY = YES;
				ENABLE_USER_SCRIPT_SANDBOXING = YES;
				GCC_C_LANGUAGE_STANDARD = gnu17;
				GCC_DYNAMIC_NO_PIC = NO;
				GCC_NO_COMMON_BLOCKS = YES;
				GCC_OPTIMIZATION_LEVEL = 0;
				GCC_PREPROCESSOR_DEFINITIONS = (
					"DEBUG=1",
					"$(inherited)",
				);
				GCC_WARN_64_TO_32_BIT_CONVERSION = YES;
				GCC_WARN_ABOUT_RETURN_TYPE = YES_ERROR;
				GCC_WARN_UNDECLARED_SELECTOR = YES;
				GCC_WARN_UNINITIALIZED_AUTOS = YES_AGGRESSIVE;
				GCC_WARN_UNUSED_FUNCTION = YES;
				GCC_WARN_UNUSED_VARIABLE = YES;
				IPHONEOS_DEPLOYMENT_TARGET = 17.6;
				LOCALIZATION_PREFERS_STRING_CATALOGS = YES;
				MTL_ENABLE_DEBUG_INFO = INCLUDE_SOURCE;
				MTL_FAST_MATH = YES;
				ONLY_ACTIVE_ARCH = YES;
				SDKROOT = iphoneos;
				SWIFT_ACTIVE_COMPILATION_CONDITIONS = "DEBUG $(inherited)";
				SWIFT_OPTIMIZATION_LEVEL = "-Onone";
			};
			name = Debug;
		};
		958655902E10E85E00FF8293 /* Release */ = {
			isa = XCBuildConfiguration;
			buildSettings = {
				ALWAYS_SEARCH_USER_PATHS = NO;
				ASSETCATALOG_COMPILER_GENERATE_SWIFT_ASSET_SYMBOL_EXTENSIONS = YES;
				CLANG_ANALYZER_NONNULL = YES;
				CLANG_ANALYZER_NUMBER_OBJECT_CONVERSION = YES_AGGRESSIVE;
				CLANG_CXX_LANGUAGE_STANDARD = "gnu++20";
				CLANG_ENABLE_MODULES = YES;
				CLANG_ENABLE_OBJC_ARC = YES;
				CLANG_ENABLE_OBJC_WEAK = YES;
				CLANG_WARN_BLOCK_CAPTURE_AUTORELEASING = YES;
				CLANG_WARN_BOOL_CONVERSION = YES;
				CLANG_WARN_COMMA = YES;
				CLANG_WARN_CONSTANT_CONVERSION = YES;
				CLANG_WARN_DEPRECATED_OBJC_IMPLEMENTATIONS = YES;
				CLANG_WARN_DIRECT_OBJC_ISA_USAGE = YES_ERROR;
				CLANG_WARN_DOCUMENTATION_COMMENTS = YES;
				CLANG_WARN_EMPTY_BODY = YES;
				CLANG_WARN_ENUM_CONVERSION = YES;
				CLANG_WARN_INFINITE_RECURSION = YES;
				CLANG_WARN_INT_CONVERSION = YES;
				CLANG_WARN_NON_LITERAL_NULL_CONVERSION = YES;
				CLANG_WARN_OBJC_IMPLICIT_RETAIN_SELF = YES;
				CLANG_WARN_OBJC_LITERAL_CONVERSION = YES;
				CLANG_WARN_OBJC_ROOT_CLASS = YES_ERROR;
				CLANG_WARN_QUOTED_INCLUDE_IN_FRAMEWORK_HEADER = YES;
				CLANG_WARN_RANGE_LOOP_ANALYSIS = YES;
				CLANG_WARN_STRICT_PROTOTYPES = YES;
				CLANG_WARN_SUSPICIOUS_MOVE = YES;
				CLANG_WARN_UNGUARDED_AVAILABILITY = YES_AGGRESSIVE;
				CLANG_WARN_UNREACHABLE_CODE = YES;
				CLANG_WARN__DUPLICATE_METHOD_MATCH = YES;
				COPY_PHASE_STRIP = NO;
				DEBUG_INFORMATION_FORMAT = "dwarf-with-dsym";
				DEVELOPMENT_TEAM = M88382SDJS;
				ENABLE_NS_ASSERTIONS = NO;
				ENABLE_STRICT_OBJC_MSGSEND = YES;
				ENABLE_USER_SCRIPT_SANDBOXING = YES;
				GCC_C_LANGUAGE_STANDARD = gnu17;
				GCC_NO_COMMON_BLOCKS = YES;
				GCC_WARN_64_TO_32_BIT_CONVERSION = YES;
				GCC_WARN_ABOUT_RETURN_TYPE = YES_ERROR;
				GCC_WARN_UNDECLARED_SELECTOR = YES;
				GCC_WARN_UNINITIALIZED_AUTOS = YES_AGGRESSIVE;
				GCC_WARN_UNUSED_FUNCTION = YES;
				GCC_WARN_UNUSED_VARIABLE = YES;
				IPHONEOS_DEPLOYMENT_TARGET = 17.6;
				LOCALIZATION_PREFERS_STRING_CATALOGS = YES;
				MTL_ENABLE_DEBUG_INFO = NO;
				MTL_FAST_MATH = YES;
				SDKROOT = iphoneos;
				SWIFT_COMPILATION_MODE = wholemodule;
				VALIDATE_PRODUCT = YES;
			};
			name = Release;
		};
		958655922E10E85E00FF8293 /* Debug */ = {
			isa = XCBuildConfiguration;
			buildSettings = {
				ASSETCATALOG_COMPILER_APPICON_NAME = AppIcon;
				ASSETCATALOG_COMPILER_GLOBAL_ACCENT_COLOR_NAME = AccentColor;
				CODE_SIGN_STYLE = Automatic;
				CURRENT_PROJECT_VERSION = 1;
				DEVELOPMENT_TEAM = M88382SDJS;
				ENABLE_PREVIEWS = YES;
				GENERATE_INFOPLIST_FILE = YES;
				INFOPLIST_KEY_UIApplicationSceneManifest_Generation = YES;
				INFOPLIST_KEY_UIApplicationSupportsIndirectInputEvents = YES;
				INFOPLIST_KEY_UILaunchScreen_Generation = YES;
				INFOPLIST_KEY_UISupportedInterfaceOrientations_iPad = "UIInterfaceOrientationPortrait UIInterfaceOrientationPortraitUpsideDown UIInterfaceOrientationLandscapeLeft UIInterfaceOrientationLandscapeRight";
				INFOPLIST_KEY_UISupportedInterfaceOrientations_iPhone = "UIInterfaceOrientationPortrait UIInterfaceOrientationLandscapeLeft UIInterfaceOrientationLandscapeRight";
				LD_RUNPATH_SEARCH_PATHS = (
					"$(inherited)",
					"@executable_path/Frameworks",
				);
				MARKETING_VERSION = 1.0;
				PRODUCT_BUNDLE_IDENTIFIER = mindstix.MindstixiOSCloudTest;
				PRODUCT_NAME = "$(TARGET_NAME)";
				SWIFT_EMIT_LOC_STRINGS = YES;
				SWIFT_VERSION = 5.0;
				TARGETED_DEVICE_FAMILY = "1,2";
			};
			name = Debug;
		};
		958655932E10E85E00FF8293 /* Release */ = {
			isa = XCBuildConfiguration;
			buildSettings = {
				ASSETCATALOG_COMPILER_APPICON_NAME = AppIcon;
				ASSETCATALOG_COMPILER_GLOBAL_ACCENT_COLOR_NAME = AccentColor;
				CODE_SIGN_STYLE = Automatic;
				CURRENT_PROJECT_VERSION = 1;
				DEVELOPMENT_TEAM = M88382SDJS;
				ENABLE_PREVIEWS = YES;
				GENERATE_INFOPLIST_FILE = YES;
				INFOPLIST_KEY_UIApplicationSceneManifest_Generation = YES;
				INFOPLIST_KEY_UIApplicationSupportsIndirectInputEvents = YES;
				INFOPLIST_KEY_UILaunchScreen_Generation = YES;
				INFOPLIST_KEY_UISupportedInterfaceOrientations_iPad = "UIInterfaceOrientationPortrait UIInterfaceOrientationPortraitUpsideDown UIInterfaceOrientationLandscapeLeft UIInterfaceOrientationLandscapeRight";
				INFOPLIST_KEY_UISupportedInterfaceOrientations_iPhone = "UIInterfaceOrientationPortrait UIInterfaceOrientationLandscapeLeft UIInterfaceOrientationLandscapeRight";
				LD_RUNPATH_SEARCH_PATHS = (
					"$(inherited)",
					"@executable_path/Frameworks",
				);
				MARKETING_VERSION = 1.0;
				PRODUCT_BUNDLE_IDENTIFIER = mindstix.MindstixiOSCloudTest;
				PRODUCT_NAME = "$(TARGET_NAME)";
				SWIFT_EMIT_LOC_STRINGS = YES;
				SWIFT_VERSION = 5.0;
				TARGETED_DEVICE_FAMILY = "1,2";
			};
			name = Release;
		};
		958655952E10E85E00FF8293 /* Debug */ = {
			isa = XCBuildConfiguration;
			buildSettings = {
				BUNDLE_LOADER = "$(TEST_HOST)";
				CODE_SIGN_STYLE = Automatic;
				CURRENT_PROJECT_VERSION = 1;
				DEVELOPMENT_TEAM = M88382SDJS;
				GENERATE_INFOPLIST_FILE = YES;
				IPHONEOS_DEPLOYMENT_TARGET = 18.4;
				MARKETING_VERSION = 1.0;
				PRODUCT_BUNDLE_IDENTIFIER = mindstix.MindstixiOSCloudTestTests;
				PRODUCT_NAME = "$(TARGET_NAME)";
				SWIFT_EMIT_LOC_STRINGS = NO;
				SWIFT_VERSION = 5.0;
				TARGETED_DEVICE_FAMILY = "1,2";
				TEST_HOST = "$(BUILT_PRODUCTS_DIR)/MindstixiOSCloudTest.app/$(BUNDLE_EXECUTABLE_FOLDER_PATH)/MindstixiOSCloudTest";
			};
			name = Debug;
		};
		958655962E10E85E00FF8293 /* Release */ = {
			isa = XCBuildConfiguration;
			buildSettings = {
				BUNDLE_LOADER = "$(TEST_HOST)";
				CODE_SIGN_STYLE = Automatic;
				CURRENT_PROJECT_VERSION = 1;
				DEVELOPMENT_TEAM = M88382SDJS;
				GENERATE_INFOPLIST_FILE = YES;
				IPHONEOS_DEPLOYMENT_TARGET = 18.4;
				MARKETING_VERSION = 1.0;
				PRODUCT_BUNDLE_IDENTIFIER = mindstix.MindstixiOSCloudTestTests;
				PRODUCT_NAME = "$(TARGET_NAME)";
				SWIFT_EMIT_LOC_STRINGS = NO;
				SWIFT_VERSION = 5.0;
				TARGETED_DEVICE_FAMILY = "1,2";
				TEST_HOST = "$(BUILT_PRODUCTS_DIR)/MindstixiOSCloudTest.app/$(BUNDLE_EXECUTABLE_FOLDER_PATH)/MindstixiOSCloudTest";
			};
			name = Release;
		};
		958655982E10E85E00FF8293 /* Debug */ = {
			isa = XCBuildConfiguration;
			buildSettings = {
				CODE_SIGN_STYLE = Automatic;
				CURRENT_PROJECT_VERSION = 1;
				DEVELOPMENT_TEAM = M88382SDJS;
				GENERATE_INFOPLIST_FILE = YES;
				MARKETING_VERSION = 1.0;
				PRODUCT_BUNDLE_IDENTIFIER = mindstix.MindstixiOSCloudTestUITests;
				PRODUCT_NAME = "$(TARGET_NAME)";
				SWIFT_EMIT_LOC_STRINGS = NO;
				SWIFT_VERSION = 5.0;
				TARGETED_DEVICE_FAMILY = "1,2";
				TEST_TARGET_NAME = MindstixiOSCloudTest;
			};
			name = Debug;
		};
		958655992E10E85E00FF8293 /* Release */ = {
			isa = XCBuildConfiguration;
			buildSettings = {
				CODE_SIGN_STYLE = Automatic;
				CURRENT_PROJECT_VERSION = 1;
				DEVELOPMENT_TEAM = M88382SDJS;
				GENERATE_INFOPLIST_FILE = YES;
				MARKETING_VERSION = 1.0;
				PRODUCT_BUNDLE_IDENTIFIER = mindstix.MindstixiOSCloudTestUITests;
				PRODUCT_NAME = "$(TARGET_NAME)";
				SWIFT_EMIT_LOC_STRINGS = NO;
				SWIFT_VERSION = 5.0;
				TARGETED_DEVICE_FAMILY = "1,2";
				TEST_TARGET_NAME = MindstixiOSCloudTest;
			};
			name = Release;
		};
/* End XCBuildConfiguration section */

/* Begin XCConfigurationList section */
		958655662E10E85C00FF8293 /* Build configuration list for PBXProject "MindstixiOSCloudTest" */ = {
			isa = XCConfigurationList;
			buildConfigurations = (
				9586558F2E10E85E00FF8293 /* Debug */,
				958655902E10E85E00FF8293 /* Release */,
			);
			defaultConfigurationIsVisible = 0;
			defaultConfigurationName = Release;
		};
		958655912E10E85E00FF8293 /* Build configuration list for PBXNativeTarget "MindstixiOSCloudTest" */ = {
			isa = XCConfigurationList;
			buildConfigurations = (
				958655922E10E85E00FF8293 /* Debug */,
				958655932E10E85E00FF8293 /* Release */,
			);
			defaultConfigurationIsVisible = 0;
			defaultConfigurationName = Release;
		};
		958655942E10E85E00FF8293 /* Build configuration list for PBXNativeTarget "MindstixiOSCloudTestTests" */ = {
			isa = XCConfigurationList;
			buildConfigurations = (
				958655952E10E85E00FF8293 /* Debug */,
				958655962E10E85E00FF8293 /* Release */,
			);
			defaultConfigurationIsVisible = 0;
			defaultConfigurationName = Release;
		};
		958655972E10E85E00FF8293 /* Build configuration list for PBXNativeTarget "MindstixiOSCloudTestUITests" */ = {
			isa = XCConfigurationList;
			buildConfigurations = (
				958655982E10E85E00FF8293 /* Debug */,
				958655992E10E85E00FF8293 /* Release */,
			);
			defaultConfigurationIsVisible = 0;
			defaultConfigurationName = Release;
		};
/* End XCConfigurationList section */
	};
	rootObject = 958655632E10E85C00FF8293 /* Project object */;
}
